
Microsoft Visual Studio Solution File, Format Version 12.00
# Visual Studio 15
VisualStudioVersion = 15.0.28010.2046
MinimumVisualStudioVersion = 10.0.40219.1
Project("{FAE04EC0-301F-11D3-BF4B-00C04F79EFBC}") = "DemoAssetManage", "DemoAssetManage\DemoAssetManage.csproj", "{A762CF00-3647-4510-92FC-682EB34C526E}"
EndProject
Global
	GlobalSection(SolutionConfigurationPlatforms) = preSolution
		Debug|Any CPU = Debug|Any CPU
		Release|Any CPU = Release|Any CPU
	EndGlobalSection
	GlobalSection(ProjectConfigurationPlatforms) = postSolution
		{A762CF00-3647-4510-92FC-682EB34C526E}.Debug|Any CPU.ActiveCfg = Debug|Any CPU
		{A762CF00-3647-4510-92FC-682EB34C526E}.Debug|Any CPU.Build.0 = Debug|Any CPU
		{A762CF00-3647-4510-92FC-682EB34C526E}.Release|Any CPU.ActiveCfg = Release|Any CPU
		{A762CF00-3647-4510-92FC-682EB34C526E}.Release|Any CPU.Build.0 = Release|Any CPU
	EndGlobalSection
	GlobalSection(SolutionProperties) = preSolution
		HideSolutionNode = FALSE
	EndGlobalSection
	GlobalSection(ExtensibilityGlobals) = postSolution
		SolutionGuid = {1F5AAFE2-DF67-4FF9-A5C1-4C967B1D45EE}
	EndGlobalSection
EndGlobal
